
Microsoft Visual Studio Solution File, Format Version 12.00
# Visual Studio Version 17
VisualStudioVersion = 17.6.33723.286
MinimumVisualStudioVersion = 10.0.40219.1
Project("{FAE04EC0-301F-11D3-BF4B-00C04F79EFBC}") = "TrelloApp", "TrelloApp\TrelloApp.csproj", "{E2245AB3-C0BC-4DF7-8955-1F3A288D0004}"
EndProject
Project("{FAE04EC0-301F-11D3-BF4B-00C04F79EFBC}") = "TrelloDBLayer", "TrelloDBLayer\TrelloDBLayer.csproj", "{16B3A097-40F0-4DC0-9F08-D7BEF210806B}"
EndProject
Global
	GlobalSection(SolutionConfigurationPlatforms) = preSolution
		Debug|Any CPU = Debug|Any CPU
		Release|Any CPU = Release|Any CPU
	EndGlobalSection
	GlobalSection(ProjectConfigurationPlatforms) = postSolution
		{E2245AB3-C0BC-4DF7-8955-1F3A288D0004}.Debug|Any CPU.ActiveCfg = Debug|Any CPU
		{E2245AB3-C0BC-4DF7-8955-1F3A288D0004}.Debug|Any CPU.Build.0 = Debug|Any CPU
		{E2245AB3-C0BC-4DF7-8955-1F3A288D0004}.Release|Any CPU.ActiveCfg = Release|Any CPU
		{E2245AB3-C0BC-4DF7-8955-1F3A288D0004}.Release|Any CPU.Build.0 = Release|Any CPU
		{16B3A097-40F0-4DC0-9F08-D7BEF210806B}.Debug|Any CPU.ActiveCfg = Debug|Any CPU
		{16B3A097-40F0-4DC0-9F08-D7BEF210806B}.Debug|Any CPU.Build.0 = Debug|Any CPU
		{16B3A097-40F0-4DC0-9F08-D7BEF210806B}.Release|Any CPU.ActiveCfg = Release|Any CPU
		{16B3A097-40F0-4DC0-9F08-D7BEF210806B}.Release|Any CPU.Build.0 = Release|Any CPU
	EndGlobalSection
	GlobalSection(SolutionProperties) = preSolution
		HideSolutionNode = FALSE
	EndGlobalSection
	GlobalSection(ExtensibilityGlobals) = postSolution
		SolutionGuid = {074C1E5F-80DE-40EB-BDFA-83FFD4161DBE}
	EndGlobalSection
EndGlobal
